
Microsoft Visual Studio Solution File, Format Version 12.00
# Visual Studio 14
VisualStudioVersion = 14.0.25123.0
MinimumVisualStudioVersion = 10.0.40219.1
Project("{FAE04EC0-301F-11D3-BF4B-00C04F79EFBC}") = "eomat", "eomat\eomat.csproj", "{DC7B45B4-2FF6-4B6E-9D80-632E521FE044}"
EndProject
Project("{FAE04EC0-301F-11D3-BF4B-00C04F79EFBC}") = "eomatTests", "eomatTests\eomatTests.csproj", "{2F83840D-A220-40C1-9DDA-01C2A0E6898F}"
EndProject
Global
	GlobalSection(SolutionConfigurationPlatforms) = preSolution
		Debug|Any CPU = Debug|Any CPU
		Release|Any CPU = Release|Any CPU
	EndGlobalSection
	GlobalSection(ProjectConfigurationPlatforms) = postSolution
		{DC7B45B4-2FF6-4B6E-9D80-632E521FE044}.Debug|Any CPU.ActiveCfg = Debug|Any CPU
		{DC7B45B4-2FF6-4B6E-9D80-632E521FE044}.Debug|Any CPU.Build.0 = Debug|Any CPU
		{DC7B45B4-2FF6-4B6E-9D80-632E521FE044}.Release|Any CPU.ActiveCfg = Release|Any CPU
		{DC7B45B4-2FF6-4B6E-9D80-632E521FE044}.Release|Any CPU.Build.0 = Release|Any CPU
		{2F83840D-A220-40C1-9DDA-01C2A0E6898F}.Debug|Any CPU.ActiveCfg = Debug|Any CPU
		{2F83840D-A220-40C1-9DDA-01C2A0E6898F}.Debug|Any CPU.Build.0 = Debug|Any CPU
		{2F83840D-A220-40C1-9DDA-01C2A0E6898F}.Release|Any CPU.ActiveCfg = Release|Any CPU
		{2F83840D-A220-40C1-9DDA-01C2A0E6898F}.Release|Any CPU.Build.0 = Release|Any CPU
	EndGlobalSection
	GlobalSection(SolutionProperties) = preSolution
		HideSolutionNode = FALSE
	EndGlobalSection
EndGlobal
